
Microsoft Visual Studio Solution File, Format Version 12.00
# Visual Studio Version 17
VisualStudioVersion = 17.4.33110.190
MinimumVisualStudioVersion = 10.0.40219.1
Project("{FAE04EC0-301F-11D3-BF4B-00C04F79EFBC}") = "nov28", "nov28\nov28.csproj", "{F8C64701-933F-40E6-8D8C-3F46461928F6}"
EndProject
Global
	GlobalSection(SolutionConfigurationPlatforms) = preSolution
		Debug|Any CPU = Debug|Any CPU
		Release|Any CPU = Release|Any CPU
	EndGlobalSection
	GlobalSection(ProjectConfigurationPlatforms) = postSolution
		{F8C64701-933F-40E6-8D8C-3F46461928F6}.Debug|Any CPU.ActiveCfg = Debug|Any CPU
		{F8C64701-933F-40E6-8D8C-3F46461928F6}.Debug|Any CPU.Build.0 = Debug|Any CPU
		{F8C64701-933F-40E6-8D8C-3F46461928F6}.Release|Any CPU.ActiveCfg = Release|Any CPU
		{F8C64701-933F-40E6-8D8C-3F46461928F6}.Release|Any CPU.Build.0 = Release|Any CPU
	EndGlobalSection
	GlobalSection(SolutionProperties) = preSolution
		HideSolutionNode = FALSE
	EndGlobalSection
	GlobalSection(ExtensibilityGlobals) = postSolution
		SolutionGuid = {0CB5188B-2036-4F73-8936-BB34F7DE891F}
	EndGlobalSection
EndGlobal
